
Microsoft Visual Studio Solution File, Format Version 12.00
# Visual Studio Version 17
VisualStudioVersion = 17.5.33516.290
MinimumVisualStudioVersion = 10.0.40219.1
Project("{9A19103F-16F7-4668-BE54-9A1E7A4F7556}") = "GooglePay.Shop", "Source\GooglePay.Shop.csproj", "{7860E689-D588-43B0-B5EB-0BC8BF8D46AB}"
EndProject
Project("{9A19103F-16F7-4668-BE54-9A1E7A4F7556}") = "GooglePay.Shop.Tests", "Tests\GooglePay.Shop.Tests.csproj", "{23D56D9B-E4CE-46B5-933F-925C77EFC77E}"
EndProject
Project("{9A19103F-16F7-4668-BE54-9A1E7A4F7556}") = "GooglePay.Shop.Pages", "Pages\GooglePay.Shop.Pages.csproj", "{60CAD94A-CD91-4B03-B612-470A7BC0DCE2}"
EndProject
Global
	GlobalSection(SolutionConfigurationPlatforms) = preSolution
		Debug|Any CPU = Debug|Any CPU
		Release|Any CPU = Release|Any CPU
	EndGlobalSection
	GlobalSection(ProjectConfigurationPlatforms) = postSolution
		{7860E689-D588-43B0-B5EB-0BC8BF8D46AB}.Debug|Any CPU.ActiveCfg = Debug|Any CPU
		{7860E689-D588-43B0-B5EB-0BC8BF8D46AB}.Debug|Any CPU.Build.0 = Debug|Any CPU
		{7860E689-D588-43B0-B5EB-0BC8BF8D46AB}.Release|Any CPU.ActiveCfg = Release|Any CPU
		{7860E689-D588-43B0-B5EB-0BC8BF8D46AB}.Release|Any CPU.Build.0 = Release|Any CPU
		{23D56D9B-E4CE-46B5-933F-925C77EFC77E}.Debug|Any CPU.ActiveCfg = Debug|Any CPU
		{23D56D9B-E4CE-46B5-933F-925C77EFC77E}.Debug|Any CPU.Build.0 = Debug|Any CPU
		{23D56D9B-E4CE-46B5-933F-925C77EFC77E}.Release|Any CPU.ActiveCfg = Release|Any CPU
		{23D56D9B-E4CE-46B5-933F-925C77EFC77E}.Release|Any CPU.Build.0 = Release|Any CPU
		{60CAD94A-CD91-4B03-B612-470A7BC0DCE2}.Debug|Any CPU.ActiveCfg = Debug|Any CPU
		{60CAD94A-CD91-4B03-B612-470A7BC0DCE2}.Debug|Any CPU.Build.0 = Debug|Any CPU
		{60CAD94A-CD91-4B03-B612-470A7BC0DCE2}.Release|Any CPU.ActiveCfg = Release|Any CPU
		{60CAD94A-CD91-4B03-B612-470A7BC0DCE2}.Release|Any CPU.Build.0 = Release|Any CPU
	EndGlobalSection
	GlobalSection(SolutionProperties) = preSolution
		HideSolutionNode = FALSE
	EndGlobalSection
	GlobalSection(ExtensibilityGlobals) = postSolution
		SolutionGuid = {B5D9A076-C7FF-4CD0-8269-6D8DC5608F0A}
	EndGlobalSection
EndGlobal
